
Microsoft Visual Studio Solution File, Format Version 12.00
# Visual Studio Version 16
VisualStudioVersion = 16.0.31205.134
MinimumVisualStudioVersion = 10.0.40219.1
Project("{FAE04EC0-301F-11D3-BF4B-00C04F79EFBC}") = "FirstCSharp", "FirstCSharp\FirstCSharp.csproj", "{F5615B38-F67D-4DE1-8877-24EC2416443D}"
EndProject
Project("{FAE04EC0-301F-11D3-BF4B-00C04F79EFBC}") = "FirstCSharp.Domain", "FirstCSharp.Domain\FirstCSharp.Domain.csproj", "{9C296C53-A719-4E8A-AD94-7B9F25FA038A}"
EndProject
Project("{FAE04EC0-301F-11D3-BF4B-00C04F79EFBC}") = "FirstCSharp.Persistent", "FirstCSharp.Persistent\FirstCSharp.Persistent.csproj", "{E48AD99D-4029-4F3A-A97B-D7087F85D565}"
EndProject
Project("{00D1A9C2-B5F0-4AF3-8072-F6C62B433612}") = "FirstCSharp.DataBase", "FirstCSharp.DataBase\FirstCSharp.DataBase.sqlproj", "{A71D09B2-6CE0-46F1-91E1-4F841F84B564}"
EndProject
Project("{FAE04EC0-301F-11D3-BF4B-00C04F79EFBC}") = "FirstCSharp.Persistent.Tests", "FirstCSharp.Persistent.Tests\FirstCSharp.Persistent.Tests.csproj", "{E283B3BD-27CF-4CB6-B617-196EAE2DC033}"
EndProject
Project("{FAE04EC0-301F-11D3-BF4B-00C04F79EFBC}") = "FirstCSharp.Api.Client", "FirstCSharp.Api.Client\FirstCSharp.Api.Client.csproj", "{B9116053-3D24-4238-BAD6-C26452B00E0F}"
EndProject
Project("{FAE04EC0-301F-11D3-BF4B-00C04F79EFBC}") = "FirstCSharp.Api.Client.Tests", "FirstCSharp.Api.Client.Tests\FirstCSharp.Api.Client.Tests.csproj", "{08DCC943-1EB9-40BB-94F8-D79D7E36F675}"
EndProject
Project("{FAE04EC0-301F-11D3-BF4B-00C04F79EFBC}") = "FirstCSharp.Api.Server", "FirstCSharp.Api.Server\FirstCSharp.Api.Server.csproj", "{51689EF7-C284-4127-AD26-C9ABE208E940}"
EndProject
Project("{FAE04EC0-301F-11D3-BF4B-00C04F79EFBC}") = "FirstCSharp.Api.Server.Tests", "FirstCSharp.Api.Server.Tests\FirstCSharp.Api.Server.Tests.csproj", "{4FCE9C1D-D58D-4B74-87F4-366613119C63}"
EndProject
Global
	GlobalSection(SolutionConfigurationPlatforms) = preSolution
		Debug|Any CPU = Debug|Any CPU
		Release|Any CPU = Release|Any CPU
	EndGlobalSection
	GlobalSection(ProjectConfigurationPlatforms) = postSolution
		{F5615B38-F67D-4DE1-8877-24EC2416443D}.Debug|Any CPU.ActiveCfg = Debug|Any CPU
		{F5615B38-F67D-4DE1-8877-24EC2416443D}.Debug|Any CPU.Build.0 = Debug|Any CPU
		{F5615B38-F67D-4DE1-8877-24EC2416443D}.Release|Any CPU.ActiveCfg = Release|Any CPU
		{F5615B38-F67D-4DE1-8877-24EC2416443D}.Release|Any CPU.Build.0 = Release|Any CPU
		{9C296C53-A719-4E8A-AD94-7B9F25FA038A}.Debug|Any CPU.ActiveCfg = Debug|Any CPU
		{9C296C53-A719-4E8A-AD94-7B9F25FA038A}.Debug|Any CPU.Build.0 = Debug|Any CPU
		{9C296C53-A719-4E8A-AD94-7B9F25FA038A}.Release|Any CPU.ActiveCfg = Release|Any CPU
		{9C296C53-A719-4E8A-AD94-7B9F25FA038A}.Release|Any CPU.Build.0 = Release|Any CPU
		{E48AD99D-4029-4F3A-A97B-D7087F85D565}.Debug|Any CPU.ActiveCfg = Debug|Any CPU
		{E48AD99D-4029-4F3A-A97B-D7087F85D565}.Debug|Any CPU.Build.0 = Debug|Any CPU
		{E48AD99D-4029-4F3A-A97B-D7087F85D565}.Release|Any CPU.ActiveCfg = Release|Any CPU
		{E48AD99D-4029-4F3A-A97B-D7087F85D565}.Release|Any CPU.Build.0 = Release|Any CPU
		{A71D09B2-6CE0-46F1-91E1-4F841F84B564}.Debug|Any CPU.ActiveCfg = Debug|Any CPU
		{A71D09B2-6CE0-46F1-91E1-4F841F84B564}.Debug|Any CPU.Build.0 = Debug|Any CPU
		{A71D09B2-6CE0-46F1-91E1-4F841F84B564}.Debug|Any CPU.Deploy.0 = Debug|Any CPU
		{A71D09B2-6CE0-46F1-91E1-4F841F84B564}.Release|Any CPU.ActiveCfg = Release|Any CPU
		{A71D09B2-6CE0-46F1-91E1-4F841F84B564}.Release|Any CPU.Build.0 = Release|Any CPU
		{A71D09B2-6CE0-46F1-91E1-4F841F84B564}.Release|Any CPU.Deploy.0 = Release|Any CPU
		{E283B3BD-27CF-4CB6-B617-196EAE2DC033}.Debug|Any CPU.ActiveCfg = Debug|Any CPU
		{E283B3BD-27CF-4CB6-B617-196EAE2DC033}.Debug|Any CPU.Build.0 = Debug|Any CPU
		{E283B3BD-27CF-4CB6-B617-196EAE2DC033}.Release|Any CPU.ActiveCfg = Release|Any CPU
		{E283B3BD-27CF-4CB6-B617-196EAE2DC033}.Release|Any CPU.Build.0 = Release|Any CPU
		{B9116053-3D24-4238-BAD6-C26452B00E0F}.Debug|Any CPU.ActiveCfg = Debug|Any CPU
		{B9116053-3D24-4238-BAD6-C26452B00E0F}.Debug|Any CPU.Build.0 = Debug|Any CPU
		{B9116053-3D24-4238-BAD6-C26452B00E0F}.Release|Any CPU.ActiveCfg = Release|Any CPU
		{B9116053-3D24-4238-BAD6-C26452B00E0F}.Release|Any CPU.Build.0 = Release|Any CPU
		{08DCC943-1EB9-40BB-94F8-D79D7E36F675}.Debug|Any CPU.ActiveCfg = Debug|Any CPU
		{08DCC943-1EB9-40BB-94F8-D79D7E36F675}.Debug|Any CPU.Build.0 = Debug|Any CPU
		{08DCC943-1EB9-40BB-94F8-D79D7E36F675}.Release|Any CPU.ActiveCfg = Release|Any CPU
		{08DCC943-1EB9-40BB-94F8-D79D7E36F675}.Release|Any CPU.Build.0 = Release|Any CPU
		{51689EF7-C284-4127-AD26-C9ABE208E940}.Debug|Any CPU.ActiveCfg = Debug|Any CPU
		{51689EF7-C284-4127-AD26-C9ABE208E940}.Debug|Any CPU.Build.0 = Debug|Any CPU
		{51689EF7-C284-4127-AD26-C9ABE208E940}.Release|Any CPU.ActiveCfg = Release|Any CPU
		{51689EF7-C284-4127-AD26-C9ABE208E940}.Release|Any CPU.Build.0 = Release|Any CPU
		{4FCE9C1D-D58D-4B74-87F4-366613119C63}.Debug|Any CPU.ActiveCfg = Debug|Any CPU
		{4FCE9C1D-D58D-4B74-87F4-366613119C63}.Debug|Any CPU.Build.0 = Debug|Any CPU
		{4FCE9C1D-D58D-4B74-87F4-366613119C63}.Release|Any CPU.ActiveCfg = Release|Any CPU
		{4FCE9C1D-D58D-4B74-87F4-366613119C63}.Release|Any CPU.Build.0 = Release|Any CPU
	EndGlobalSection
	GlobalSection(SolutionProperties) = preSolution
		HideSolutionNode = FALSE
	EndGlobalSection
	GlobalSection(ExtensibilityGlobals) = postSolution
		SolutionGuid = {9DB5A492-E7D5-4B4D-BA6F-D6DB3194B79E}
	EndGlobalSection
EndGlobal
